
Microsoft Visual Studio Solution File, Format Version 12.00
# Visual Studio Version 16
VisualStudioVersion = 16.0.31025.218
MinimumVisualStudioVersion = 10.0.40219.1
Project("{FAE04EC0-301F-11D3-BF4B-00C04F79EFBC}") = "SafeWarehouseApp.Android", "SafeWarehouseApp\SafeWarehouseApp.Android\SafeWarehouseApp.Android.csproj", "{01A45CCB-5B7A-4CD8-9DB2-419FC4E5D995}"
EndProject
Project("{FAE04EC0-301F-11D3-BF4B-00C04F79EFBC}") = "SafeWarehouseApp", "SafeWarehouseApp\SafeWarehouseApp\SafeWarehouseApp.csproj", "{CE814465-5A9E-45D9-B3DA-49D15B15B837}"
EndProject
Project("{FAE04EC0-301F-11D3-BF4B-00C04F79EFBC}") = "SafeWarehouseApp.Migrations.Sqlite", "SafeWarehouseApp.Migrations.Sqlite\SafeWarehouseApp.Migrations.Sqlite.csproj", "{8DBF7676-EFA8-4D29-85E3-F49E57972B39}"
EndProject
Global
	GlobalSection(SolutionConfigurationPlatforms) = preSolution
		Debug|Any CPU = Debug|Any CPU
		Release|Any CPU = Release|Any CPU
	EndGlobalSection
	GlobalSection(ProjectConfigurationPlatforms) = postSolution
		{01A45CCB-5B7A-4CD8-9DB2-419FC4E5D995}.Debug|Any CPU.ActiveCfg = Debug|Any CPU
		{01A45CCB-5B7A-4CD8-9DB2-419FC4E5D995}.Debug|Any CPU.Build.0 = Debug|Any CPU
		{01A45CCB-5B7A-4CD8-9DB2-419FC4E5D995}.Debug|Any CPU.Deploy.0 = Debug|Any CPU
		{01A45CCB-5B7A-4CD8-9DB2-419FC4E5D995}.Release|Any CPU.ActiveCfg = Release|Any CPU
		{01A45CCB-5B7A-4CD8-9DB2-419FC4E5D995}.Release|Any CPU.Build.0 = Release|Any CPU
		{01A45CCB-5B7A-4CD8-9DB2-419FC4E5D995}.Release|Any CPU.Deploy.0 = Release|Any CPU
		{CE814465-5A9E-45D9-B3DA-49D15B15B837}.Debug|Any CPU.ActiveCfg = Debug|Any CPU
		{CE814465-5A9E-45D9-B3DA-49D15B15B837}.Debug|Any CPU.Build.0 = Debug|Any CPU
		{CE814465-5A9E-45D9-B3DA-49D15B15B837}.Debug|Any CPU.Deploy.0 = Debug|Any CPU
		{CE814465-5A9E-45D9-B3DA-49D15B15B837}.Release|Any CPU.ActiveCfg = Release|Any CPU
		{CE814465-5A9E-45D9-B3DA-49D15B15B837}.Release|Any CPU.Build.0 = Release|Any CPU
		{CE814465-5A9E-45D9-B3DA-49D15B15B837}.Release|Any CPU.Deploy.0 = Release|Any CPU
		{8DBF7676-EFA8-4D29-85E3-F49E57972B39}.Debug|Any CPU.ActiveCfg = Debug|Any CPU
		{8DBF7676-EFA8-4D29-85E3-F49E57972B39}.Debug|Any CPU.Build.0 = Debug|Any CPU
		{8DBF7676-EFA8-4D29-85E3-F49E57972B39}.Release|Any CPU.ActiveCfg = Release|Any CPU
		{8DBF7676-EFA8-4D29-85E3-F49E57972B39}.Release|Any CPU.Build.0 = Release|Any CPU
	EndGlobalSection
	GlobalSection(SolutionProperties) = preSolution
		HideSolutionNode = FALSE
	EndGlobalSection
	GlobalSection(ExtensibilityGlobals) = postSolution
		SolutionGuid = {AD1F7EA9-72B4-45CA-9B43-8B236407AD02}
	EndGlobalSection
EndGlobal
